
Microsoft Visual Studio Solution File, Format Version 12.00
# Visual Studio 2017
Project("{FAE04EC0-301F-11D3-BF4B-00C04F79EFBC}") = "Sweetboi", "Sweetboi.csproj", "{3058B27F-DE73-0833-2BED-7623B70FAD97}"
EndProject
Project("{FAE04EC0-301F-11D3-BF4B-00C04F79EFBC}") = "Sweetboi.Editor", "Sweetboi.Editor.csproj", "{5742487E-7881-B7A6-727D-42EBEAB24573}"
EndProject
Global
	GlobalSection(SolutionConfigurationPlatforms) = preSolution
		Debug|Any CPU = Debug|Any CPU
		Release|Any CPU = Release|Any CPU
	EndGlobalSection
	GlobalSection(ProjectConfigurationPlatforms) = postSolution
		{3058B27F-DE73-0833-2BED-7623B70FAD97}.Debug|Any CPU.ActiveCfg = Debug|Any CPU
		{3058B27F-DE73-0833-2BED-7623B70FAD97}.Debug|Any CPU.Build.0 = Debug|Any CPU
		{3058B27F-DE73-0833-2BED-7623B70FAD97}.Release|Any CPU.ActiveCfg = Release|Any CPU
		{3058B27F-DE73-0833-2BED-7623B70FAD97}.Release|Any CPU.Build.0 = Release|Any CPU
		{5742487E-7881-B7A6-727D-42EBEAB24573}.Debug|Any CPU.ActiveCfg = Debug|Any CPU
		{5742487E-7881-B7A6-727D-42EBEAB24573}.Debug|Any CPU.Build.0 = Debug|Any CPU
		{5742487E-7881-B7A6-727D-42EBEAB24573}.Release|Any CPU.ActiveCfg = Release|Any CPU
		{5742487E-7881-B7A6-727D-42EBEAB24573}.Release|Any CPU.Build.0 = Release|Any CPU
	EndGlobalSection
	GlobalSection(SolutionProperties) = preSolution
		HideSolutionNode = FALSE
	EndGlobalSection
EndGlobal
